// !$*UTF8*$!
{
	archiveVersion = 1;
	classes = {
	};
	objectVersion = 46;
	objects = {

/* Begin PBXBuildFile section */
		F34221C31A346DDC00ED49B2 /* main.m in Sources */ = {isa = PBXBuildFile; fileRef = F34221C21A346DDC00ED49B2 /* main.m */; };
		F34221C61A346DDC00ED49B2 /* AppDelegate.m in Sources */ = {isa = PBXBuildFile; fileRef = F34221C51A346DDC00ED49B2 /* AppDelegate.m */; };
		F34221C91A346DDC00ED49B2 /* ViewController.m in Sources */ = {isa = PBXBuildFile; fileRef = F34221C81A346DDC00ED49B2 /* ViewController.m */; };
		F34221CC1A346DDC00ED49B2 /* Main.storyboard in Resources */ = {isa = PBXBuildFile; fileRef = F34221CA1A346DDC00ED49B2 /* Main.storyboard */; };
		F34221CE1A346DDC00ED49B2 /* Images.xcassets in Resources */ = {isa = PBXBuildFile; fileRef = F34221CD1A346DDC00ED49B2 /* Images.xcassets */; };
		F34221D11A346DDC00ED49B2 /* LaunchScreen.xib in Resources */ = {isa = PBXBuildFile; fileRef = F34221CF1A346DDC00ED49B2 /* LaunchScreen.xib */; };
		F34221DD1A346DDC00ED49B2 /* H5GalleryTests.m in Sources */ = {isa = PBXBuildFile; fileRef = F34221DC1A346DDC00ED49B2 /* H5GalleryTests.m */; };
		F3A841C61B39A778008EF07C /* DevTestFile.m in Sources */ = {isa = PBXBuildFile; fileRef = F3A841C51B39A778008EF07C /* DevTestFile.m */; };
		F3BEA4E61A35EED3002292B3 /* libz.dylib in Frameworks */ = {isa = PBXBuildFile; fileRef = F3BEA4E51A35EED3002292B3 /* libz.dylib */; };
		F3BEA4E81A35EF24002292B3 /* Foundation.framework in Frameworks */ = {isa = PBXBuildFile; fileRef = F3BEA4E71A35EF24002292B3 /* Foundation.framework */; };
		F3BEA4EA1A35EF2B002292B3 /* CoreGraphics.framework in Frameworks */ = {isa = PBXBuildFile; fileRef = F3BEA4E91A35EF2B002292B3 /* CoreGraphics.framework */; };
		F3BEA4EC1A35EF35002292B3 /* UIKit.framework in Frameworks */ = {isa = PBXBuildFile; fileRef = F3BEA4EB1A35EF35002292B3 /* UIKit.framework */; };
		F3BEA4FB1A35EF7E002292B3 /* ioapi.c in Sources */ = {isa = PBXBuildFile; fileRef = F3BEA4F01A35EF7E002292B3 /* ioapi.c */; };
		F3BEA4FC1A35EF7E002292B3 /* mztools.c in Sources */ = {isa = PBXBuildFile; fileRef = F3BEA4F21A35EF7E002292B3 /* mztools.c */; };
		F3BEA4FD1A35EF7E002292B3 /* unzip.c in Sources */ = {isa = PBXBuildFile; fileRef = F3BEA4F41A35EF7E002292B3 /* unzip.c */; };
		F3BEA4FE1A35EF7E002292B3 /* zip.c in Sources */ = {isa = PBXBuildFile; fileRef = F3BEA4F61A35EF7E002292B3 /* zip.c */; };
		F3BEA4FF1A35EF7E002292B3 /* ZipArchive.m in Sources */ = {isa = PBXBuildFile; fileRef = F3BEA4F91A35EF7E002292B3 /* ZipArchive.m */; };
		F3BEA5371A35F245002292B3 /* webapp.zip in Resources */ = {isa = PBXBuildFile; fileRef = F3BEA5361A35F245002292B3 /* webapp.zip */; };
/* End PBXBuildFile section */

/* Begin PBXContainerItemProxy section */
		F34221D71A346DDC00ED49B2 /* PBXContainerItemProxy */ = {
			isa = PBXContainerItemProxy;
			containerPortal = F34221B51A346DDB00ED49B2 /* Project object */;
			proxyType = 1;
			remoteGlobalIDString = F34221BC1A346DDB00ED49B2;
			remoteInfo = H5Gallery;
		};
/* End PBXContainerItemProxy section */

/* Begin PBXFileReference section */
		F34221BD1A346DDC00ED49B2 /* H5Gallery.app */ = {isa = PBXFileReference; explicitFileType = wrapper.application; includeInIndex = 0; path = H5Gallery.app; sourceTree = BUILT_PRODUCTS_DIR; };
		F34221C11A346DDC00ED49B2 /* Info.plist */ = {isa = PBXFileReference; lastKnownFileType = text.plist.xml; path = Info.plist; sourceTree = "<group>"; };
		F34221C21A346DDC00ED49B2 /* main.m */ = {isa = PBXFileReference; lastKnownFileType = sourcecode.c.objc; path = main.m; sourceTree = "<group>"; };
		F34221C41A346DDC00ED49B2 /* AppDelegate.h */ = {isa = PBXFileReference; lastKnownFileType = sourcecode.c.h; path = AppDelegate.h; sourceTree = "<group>"; };
		F34221C51A346DDC00ED49B2 /* AppDelegate.m */ = {isa = PBXFileReference; lastKnownFileType = sourcecode.c.objc; path = AppDelegate.m; sourceTree = "<group>"; };
		F34221C71A346DDC00ED49B2 /* ViewController.h */ = {isa = PBXFileReference; lastKnownFileType = sourcecode.c.h; path = ViewController.h; sourceTree = "<group>"; };
		F34221C81A346DDC00ED49B2 /* ViewController.m */ = {isa = PBXFileReference; lastKnownFileType = sourcecode.c.objc; path = ViewController.m; sourceTree = "<group>"; };
		F34221CB1A346DDC00ED49B2 /* Base */ = {isa = PBXFileReference; lastKnownFileType = file.storyboard; name = Base; path = Base.lproj/Main.storyboard; sourceTree = "<group>"; };
		F34221CD1A346DDC00ED49B2 /* Images.xcassets */ = {isa = PBXFileReference; lastKnownFileType = folder.assetcatalog; path = Images.xcassets; sourceTree = "<group>"; };
		F34221D01A346DDC00ED49B2 /* Base */ = {isa = PBXFileReference; lastKnownFileType = file.xib; name = Base; path = Base.lproj/LaunchScreen.xib; sourceTree = "<group>"; };
		F34221D61A346DDC00ED49B2 /* H5GalleryTests.xctest */ = {isa = PBXFileReference; explicitFileType = wrapper.cfbundle; includeInIndex = 0; path = H5GalleryTests.xctest; sourceTree = BUILT_PRODUCTS_DIR; };
		F34221DB1A346DDC00ED49B2 /* Info.plist */ = {isa = PBXFileReference; lastKnownFileType = text.plist.xml; path = Info.plist; sourceTree = "<group>"; };
		F34221DC1A346DDC00ED49B2 /* H5GalleryTests.m */ = {isa = PBXFileReference; lastKnownFileType = sourcecode.c.objc; path = H5GalleryTests.m; sourceTree = "<group>"; };
		F3A841C41B39A778008EF07C /* DevTestFile.h */ = {isa = PBXFileReference; fileEncoding = 4; lastKnownFileType = sourcecode.c.h; path = DevTestFile.h; sourceTree = "<group>"; };
		F3A841C51B39A778008EF07C /* DevTestFile.m */ = {isa = PBXFileReference; fileEncoding = 4; lastKnownFileType = sourcecode.c.objc; path = DevTestFile.m; sourceTree = "<group>"; };
		F3A841C71B39A8D8008EF07C /* MasterHeader.h */ = {isa = PBXFileReference; lastKnownFileType = sourcecode.c.h; path = MasterHeader.h; sourceTree = "<group>"; };
		F3BEA4E51A35EED3002292B3 /* libz.dylib */ = {isa = PBXFileReference; lastKnownFileType = "compiled.mach-o.dylib"; name = libz.dylib; path = usr/lib/libz.dylib; sourceTree = SDKROOT; };
		F3BEA4E71A35EF24002292B3 /* Foundation.framework */ = {isa = PBXFileReference; lastKnownFileType = wrapper.framework; name = Foundation.framework; path = System/Library/Frameworks/Foundation.framework; sourceTree = SDKROOT; };
		F3BEA4E91A35EF2B002292B3 /* CoreGraphics.framework */ = {isa = PBXFileReference; lastKnownFileType = wrapper.framework; name = CoreGraphics.framework; path = System/Library/Frameworks/CoreGraphics.framework; sourceTree = SDKROOT; };
		F3BEA4EB1A35EF35002292B3 /* UIKit.framework */ = {isa = PBXFileReference; lastKnownFileType = wrapper.framework; name = UIKit.framework; path = System/Library/Frameworks/UIKit.framework; sourceTree = SDKROOT; };
		F3BEA4EF1A35EF7E002292B3 /* crypt.h */ = {isa = PBXFileReference; fileEncoding = 4; lastKnownFileType = sourcecode.c.h; path = crypt.h; sourceTree = "<group>"; };
		F3BEA4F01A35EF7E002292B3 /* ioapi.c */ = {isa = PBXFileReference; fileEncoding = 4; lastKnownFileType = sourcecode.c.c; path = ioapi.c; sourceTree = "<group>"; };
		F3BEA4F11A35EF7E002292B3 /* ioapi.h */ = {isa = PBXFileReference; fileEncoding = 4; lastKnownFileType = sourcecode.c.h; path = ioapi.h; sourceTree = "<group>"; };
		F3BEA4F21A35EF7E002292B3 /* mztools.c */ = {isa = PBXFileReference; fileEncoding = 4; lastKnownFileType = sourcecode.c.c; path = mztools.c; sourceTree = "<group>"; };
		F3BEA4F31A35EF7E002292B3 /* mztools.h */ = {isa = PBXFileReference; fileEncoding = 4; lastKnownFileType = sourcecode.c.h; path = mztools.h; sourceTree = "<group>"; };
		F3BEA4F41A35EF7E002292B3 /* unzip.c */ = {isa = PBXFileReference; fileEncoding = 4; lastKnownFileType = sourcecode.c.c; path = unzip.c; sourceTree = "<group>"; };
		F3BEA4F51A35EF7E002292B3 /* unzip.h */ = {isa = PBXFileReference; fileEncoding = 4; lastKnownFileType = sourcecode.c.h; path = unzip.h; sourceTree = "<group>"; };
		F3BEA4F61A35EF7E002292B3 /* zip.c */ = {isa = PBXFileReference; fileEncoding = 4; lastKnownFileType = sourcecode.c.c; path = zip.c; sourceTree = "<group>"; };
		F3BEA4F71A35EF7E002292B3 /* zip.h */ = {isa = PBXFileReference; fileEncoding = 4; lastKnownFileType = sourcecode.c.h; path = zip.h; sourceTree = "<group>"; };
		F3BEA4F81A35EF7E002292B3 /* ZipArchive.h */ = {isa = PBXFileReference; fileEncoding = 4; lastKnownFileType = sourcecode.c.h; path = ZipArchive.h; sourceTree = "<group>"; };
		F3BEA4F91A35EF7E002292B3 /* ZipArchive.m */ = {isa = PBXFileReference; fileEncoding = 4; lastKnownFileType = sourcecode.c.objc; path = ZipArchive.m; sourceTree = "<group>"; };
		F3BEA5361A35F245002292B3 /* webapp.zip */ = {isa = PBXFileReference; lastKnownFileType = archive.zip; path = webapp.zip; sourceTree = "<group>"; };
/* End PBXFileReference section */

/* Begin PBXFrameworksBuildPhase section */
		F34221BA1A346DDB00ED49B2 /* Frameworks */ = {
			isa = PBXFrameworksBuildPhase;
			buildActionMask = 2147483647;
			files = (
				F3BEA4EC1A35EF35002292B3 /* UIKit.framework in Frameworks */,
				F3BEA4EA1A35EF2B002292B3 /* CoreGraphics.framework in Frameworks */,
				F3BEA4E81A35EF24002292B3 /* Foundation.framework in Frameworks */,
				F3BEA4E61A35EED3002292B3 /* libz.dylib in Frameworks */,
			);
			runOnlyForDeploymentPostprocessing = 0;
		};
		F34221D31A346DDC00ED49B2 /* Frameworks */ = {
			isa = PBXFrameworksBuildPhase;
			buildActionMask = 2147483647;
			files = (
			);
			runOnlyForDeploymentPostprocessing = 0;
		};
/* End PBXFrameworksBuildPhase section */

/* Begin PBXGroup section */
		F34221B41A346DDB00ED49B2 = {
			isa = PBXGroup;
			children = (
				F3BEA4EB1A35EF35002292B3 /* UIKit.framework */,
				F3BEA4E91A35EF2B002292B3 /* CoreGraphics.framework */,
				F3BEA4E71A35EF24002292B3 /* Foundation.framework */,
				F3BEA4E51A35EED3002292B3 /* libz.dylib */,
				F34221BF1A346DDC00ED49B2 /* H5Gallery */,
				F34221D91A346DDC00ED49B2 /* H5GalleryTests */,
				F34221BE1A346DDC00ED49B2 /* Products */,
			);
			sourceTree = "<group>";
		};
		F34221BE1A346DDC00ED49B2 /* Products */ = {
			isa = PBXGroup;
			children = (
				F34221BD1A346DDC00ED49B2 /* H5Gallery.app */,
				F34221D61A346DDC00ED49B2 /* H5GalleryTests.xctest */,
			);
			name = Products;
			sourceTree = "<group>";
		};
		F34221BF1A346DDC00ED49B2 /* H5Gallery */ = {
			isa = PBXGroup;
			children = (
				F3BEA5361A35F245002292B3 /* webapp.zip */,
				F3BEA4EE1A35EF7E002292B3 /* Zip */,
				F34221C41A346DDC00ED49B2 /* AppDelegate.h */,
				F34221C51A346DDC00ED49B2 /* AppDelegate.m */,
				F34221C71A346DDC00ED49B2 /* ViewController.h */,
				F34221C81A346DDC00ED49B2 /* ViewController.m */,
				F34221CA1A346DDC00ED49B2 /* Main.storyboard */,
				F34221CD1A346DDC00ED49B2 /* Images.xcassets */,
				F34221CF1A346DDC00ED49B2 /* LaunchScreen.xib */,
				F34221C01A346DDC00ED49B2 /* Supporting Files */,
				F3A841C41B39A778008EF07C /* DevTestFile.h */,
				F3A841C51B39A778008EF07C /* DevTestFile.m */,
				F3A841C71B39A8D8008EF07C /* MasterHeader.h */,
			);
			path = H5Gallery;
			sourceTree = "<group>";
		};
		F34221C01A346DDC00ED49B2 /* Supporting Files */ = {
			isa = PBXGroup;
			children = (
				F34221C11A346DDC00ED49B2 /* Info.plist */,
				F34221C21A346DDC00ED49B2 /* main.m */,
			);
			name = "Supporting Files";
			sourceTree = "<group>";
		};
		F34221D91A346DDC00ED49B2 /* H5GalleryTests */ = {
			isa = PBXGroup;
			children = (
				F34221DC1A346DDC00ED49B2 /* H5GalleryTests.m */,
				F34221DA1A346DDC00ED49B2 /* Supporting Files */,
			);
			path = H5GalleryTests;
			sourceTree = "<group>";
		};
		F34221DA1A346DDC00ED49B2 /* Supporting Files */ = {
			isa = PBXGroup;
			children = (
				F34221DB1A346DDC00ED49B2 /* Info.plist */,
			);
			name = "Supporting Files";
			sourceTree = "<group>";
		};
		F3BEA4EE1A35EF7E002292B3 /* Zip */ = {
			isa = PBXGroup;
			children = (
				F3BEA4EF1A35EF7E002292B3 /* crypt.h */,
				F3BEA4F01A35EF7E002292B3 /* ioapi.c */,
				F3BEA4F11A35EF7E002292B3 /* ioapi.h */,
				F3BEA4F21A35EF7E002292B3 /* mztools.c */,
				F3BEA4F31A35EF7E002292B3 /* mztools.h */,
				F3BEA4F41A35EF7E002292B3 /* unzip.c */,
				F3BEA4F51A35EF7E002292B3 /* unzip.h */,
				F3BEA4F61A35EF7E002292B3 /* zip.c */,
				F3BEA4F71A35EF7E002292B3 /* zip.h */,
				F3BEA4F81A35EF7E002292B3 /* ZipArchive.h */,
				F3BEA4F91A35EF7E002292B3 /* ZipArchive.m */,
			);
			path = Zip;
			sourceTree = "<group>";
		};
/* End PBXGroup section */

/* Begin PBXNativeTarget section */
		F34221BC1A346DDB00ED49B2 /* H5Gallery */ = {
			isa = PBXNativeTarget;
			buildConfigurationList = F34221E01A346DDC00ED49B2 /* Build configuration list for PBXNativeTarget "H5Gallery" */;
			buildPhases = (
				F34221B91A346DDB00ED49B2 /* Sources */,
				F34221BA1A346DDB00ED49B2 /* Frameworks */,
				F34221BB1A346DDB00ED49B2 /* Resources */,
			);
			buildRules = (
			);
			dependencies = (
			);
			name = H5Gallery;
			productName = H5Gallery;
			productReference = F34221BD1A346DDC00ED49B2 /* H5Gallery.app */;
			productType = "com.apple.product-type.application";
		};
		F34221D51A346DDC00ED49B2 /* H5GalleryTests */ = {
			isa = PBXNativeTarget;
			buildConfigurationList = F34221E31A346DDC00ED49B2 /* Build configuration list for PBXNativeTarget "H5GalleryTests" */;
			buildPhases = (
				F34221D21A346DDC00ED49B2 /* Sources */,
				F34221D31A346DDC00ED49B2 /* Frameworks */,
				F34221D41A346DDC00ED49B2 /* Resources */,
			);
			buildRules = (
			);
			dependencies = (
				F34221D81A346DDC00ED49B2 /* PBXTargetDependency */,
			);
			name = H5GalleryTests;
			productName = H5GalleryTests;
			productReference = F34221D61A346DDC00ED49B2 /* H5GalleryTests.xctest */;
			productType = "com.apple.product-type.bundle.unit-test";
		};
/* End PBXNativeTarget section */

/* Begin PBXProject section */
		F34221B51A346DDB00ED49B2 /* Project object */ = {
			isa = PBXProject;
			attributes = {
				LastUpgradeCheck = 0610;
				ORGANIZATIONNAME = GQ;
				TargetAttributes = {
					F34221BC1A346DDB00ED49B2 = {
						CreatedOnToolsVersion = 6.1;
					};
					F34221D51A346DDC00ED49B2 = {
						CreatedOnToolsVersion = 6.1;
						TestTargetID = F34221BC1A346DDB00ED49B2;
					};
				};
			};
			buildConfigurationList = F34221B81A346DDB00ED49B2 /* Build configuration list for PBXProject "H5Gallery" */;
			compatibilityVersion = "Xcode 3.2";
			developmentRegion = English;
			hasScannedForEncodings = 0;
			knownRegions = (
				en,
				Base,
			);
			mainGroup = F34221B41A346DDB00ED49B2;
			productRefGroup = F34221BE1A346DDC00ED49B2 /* Products */;
			projectDirPath = "";
			projectRoot = "";
			targets = (
				F34221BC1A346DDB00ED49B2 /* H5Gallery */,
				F34221D51A346DDC00ED49B2 /* H5GalleryTests */,
			);
		};
/* End PBXProject section */

/* Begin PBXResourcesBuildPhase section */
		F34221BB1A346DDB00ED49B2 /* Resources */ = {
			isa = PBXResourcesBuildPhase;
			buildActionMask = 2147483647;
			files = (
				F34221CC1A346DDC00ED49B2 /* Main.storyboard in Resources */,
				F34221D11A346DDC00ED49B2 /* LaunchScreen.xib in Resources */,
				F3BEA5371A35F245002292B3 /* webapp.zip in Resources */,
				F34221CE1A346DDC00ED49B2 /* Images.xcassets in Resources */,
			);
			runOnlyForDeploymentPostprocessing = 0;
		};
		F34221D41A346DDC00ED49B2 /* Resources */ = {
			isa = PBXResourcesBuildPhase;
			buildActionMask = 2147483647;
			files = (
			);
			runOnlyForDeploymentPostprocessing = 0;
		};
/* End PBXResourcesBuildPhase section */

/* Begin PBXSourcesBuildPhase section */
		F34221B91A346DDB00ED49B2 /* Sources */ = {
			isa = PBXSourcesBuildPhase;
			buildActionMask = 2147483647;
			files = (
				F3A841C61B39A778008EF07C /* DevTestFile.m in Sources */,
				F3BEA4FD1A35EF7E002292B3 /* unzip.c in Sources */,
				F34221C91A346DDC00ED49B2 /* ViewController.m in Sources */,
				F34221C61A346DDC00ED49B2 /* AppDelegate.m in Sources */,
				F3BEA4FB1A35EF7E002292B3 /* ioapi.c in Sources */,
				F3BEA4FF1A35EF7E002292B3 /* ZipArchive.m in Sources */,
				F3BEA4FE1A35EF7E002292B3 /* zip.c in Sources */,
				F34221C31A346DDC00ED49B2 /* main.m in Sources */,
				F3BEA4FC1A35EF7E002292B3 /* mztools.c in Sources */,
			);
			runOnlyForDeploymentPostprocessing = 0;
		};
		F34221D21A346DDC00ED49B2 /* Sources */ = {
			isa = PBXSourcesBuildPhase;
			buildActionMask = 2147483647;
			files = (
				F34221DD1A346DDC00ED49B2 /* H5GalleryTests.m in Sources */,
			);
			runOnlyForDeploymentPostprocessing = 0;
		};
/* End PBXSourcesBuildPhase section */

/* Begin PBXTargetDependency section */
		F34221D81A346DDC00ED49B2 /* PBXTargetDependency */ = {
			isa = PBXTargetDependency;
			target = F34221BC1A346DDB00ED49B2 /* H5Gallery */;
			targetProxy = F34221D71A346DDC00ED49B2 /* PBXContainerItemProxy */;
		};
/* End PBXTargetDependency section */

/* Begin PBXVariantGroup section */
		F34221CA1A346DDC00ED49B2 /* Main.storyboard */ = {
			isa = PBXVariantGroup;
			children = (
				F34221CB1A346DDC00ED49B2 /* Base */,
			);
			name = Main.storyboard;
			sourceTree = "<group>";
		};
		F34221CF1A346DDC00ED49B2 /* LaunchScreen.xib */ = {
			isa = PBXVariantGroup;
			children = (
				F34221D01A346DDC00ED49B2 /* Base */,
			);
			name = LaunchScreen.xib;
			sourceTree = "<group>";
		};
/* End PBXVariantGroup section */

/* Begin XCBuildConfiguration section */
		F34221DE1A346DDC00ED49B2 /* Debug */ = {
			isa = XCBuildConfiguration;
			buildSettings = {
				ALWAYS_SEARCH_USER_PATHS = NO;
				CLANG_CXX_LANGUAGE_STANDARD = "gnu++0x";
				CLANG_CXX_LIBRARY = "libc++";
				CLANG_ENABLE_MODULES = YES;
				CLANG_ENABLE_OBJC_ARC = YES;
				CLANG_WARN_BOOL_CONVERSION = YES;
				CLANG_WARN_CONSTANT_CONVERSION = YES;
				CLANG_WARN_DIRECT_OBJC_ISA_USAGE = YES_ERROR;
				CLANG_WARN_EMPTY_BODY = YES;
				CLANG_WARN_ENUM_CONVERSION = YES;
				CLANG_WARN_INT_CONVERSION = YES;
				CLANG_WARN_OBJC_ROOT_CLASS = YES_ERROR;
				CLANG_WARN_UNREACHABLE_CODE = YES;
				CLANG_WARN__DUPLICATE_METHOD_MATCH = YES;
				"CODE_SIGN_IDENTITY[sdk=iphoneos*]" = "iPhone Developer";
				COPY_PHASE_STRIP = NO;
				ENABLE_STRICT_OBJC_MSGSEND = YES;
				GCC_C_LANGUAGE_STANDARD = gnu99;
				GCC_DYNAMIC_NO_PIC = NO;
				GCC_OPTIMIZATION_LEVEL = 0;
				GCC_PREPROCESSOR_DEFINITIONS = (
					"DEBUG=1",
					"$(inherited)",
				);
				GCC_SYMBOLS_PRIVATE_EXTERN = NO;
				GCC_WARN_64_TO_32_BIT_CONVERSION = YES;
				GCC_WARN_ABOUT_RETURN_TYPE = YES_ERROR;
				GCC_WARN_UNDECLARED_SELECTOR = YES;
				GCC_WARN_UNINITIALIZED_AUTOS = YES_AGGRESSIVE;
				GCC_WARN_UNUSED_FUNCTION = YES;
				GCC_WARN_UNUSED_VARIABLE = YES;
				IPHONEOS_DEPLOYMENT_TARGET = 8.1;
				MTL_ENABLE_DEBUG_INFO = YES;
				ONLY_ACTIVE_ARCH = YES;
				SDKROOT = iphoneos;
			};
			name = Debug;
		};
		F34221DF1A346DDC00ED49B2 /* Release */ = {
			isa = XCBuildConfiguration;
			buildSettings = {
				ALWAYS_SEARCH_USER_PATHS = NO;
				CLANG_CXX_LANGUAGE_STANDARD = "gnu++0x";
				CLANG_CXX_LIBRARY = "libc++";
				CLANG_ENABLE_MODULES = YES;
				CLANG_ENABLE_OBJC_ARC = YES;
				CLANG_WARN_BOOL_CONVERSION = YES;
				CLANG_WARN_CONSTANT_CONVERSION = YES;
				CLANG_WARN_DIRECT_OBJC_ISA_USAGE = YES_ERROR;
				CLANG_WARN_EMPTY_BODY = YES;
				CLANG_WARN_ENUM_CONVERSION = YES;
				CLANG_WARN_INT_CONVERSION = YES;
				CLANG_WARN_OBJC_ROOT_CLASS = YES_ERROR;
				CLANG_WARN_UNREACHABLE_CODE = YES;
				CLANG_WARN__DUPLICATE_METHOD_MATCH = YES;
				"CODE_SIGN_IDENTITY[sdk=iphoneos*]" = "iPhone Developer";
				COPY_PHASE_STRIP = YES;
				ENABLE_NS_ASSERTIONS = NO;
				ENABLE_STRICT_OBJC_MSGSEND = YES;
				GCC_C_LANGUAGE_STANDARD = gnu99;
				GCC_WARN_64_TO_32_BIT_CONVERSION = YES;
				GCC_WARN_ABOUT_RETURN_TYPE = YES_ERROR;
				GCC_WARN_UNDECLARED_SELECTOR = YES;
				GCC_WARN_UNINITIALIZED_AUTOS = YES_AGGRESSIVE;
				GCC_WARN_UNUSED_FUNCTION = YES;
				GCC_WARN_UNUSED_VARIABLE = YES;
				IPHONEOS_DEPLOYMENT_TARGET = 8.1;
				MTL_ENABLE_DEBUG_INFO = NO;
				SDKROOT = iphoneos;
				VALIDATE_PRODUCT = YES;
			};
			name = Release;
		};
		F34221E11A346DDC00ED49B2 /* Debug */ = {
			isa = XCBuildConfiguration;
			buildSettings = {
				ASSETCATALOG_COMPILER_APPICON_NAME = AppIcon;
				CODE_SIGN_IDENTITY = "iPhone Developer";
				INFOPLIST_FILE = H5Gallery/Info.plist;
				IPHONEOS_DEPLOYMENT_TARGET = 7.1;
				LD_RUNPATH_SEARCH_PATHS = "$(inherited) @executable_path/Frameworks";
				PRODUCT_NAME = "$(TARGET_NAME)";
			};
			name = Debug;
		};
		F34221E21A346DDC00ED49B2 /* Release */ = {
			isa = XCBuildConfiguration;
			buildSettings = {
				ASSETCATALOG_COMPILER_APPICON_NAME = AppIcon;
				CODE_SIGN_IDENTITY = "iPhone Developer";
				INFOPLIST_FILE = H5Gallery/Info.plist;
				IPHONEOS_DEPLOYMENT_TARGET = 7.1;
				LD_RUNPATH_SEARCH_PATHS = "$(inherited) @executable_path/Frameworks";
				PRODUCT_NAME = "$(TARGET_NAME)";
			};
			name = Release;
		};
		F34221E41A346DDC00ED49B2 /* Debug */ = {
			isa = XCBuildConfiguration;
			buildSettings = {
				BUNDLE_LOADER = "$(TEST_HOST)";
				FRAMEWORK_SEARCH_PATHS = (
					"$(SDKROOT)/Developer/Library/Frameworks",
					"$(inherited)",
				);
				GCC_PREPROCESSOR_DEFINITIONS = (
					"DEBUG=1",
					"$(inherited)",
				);
				INFOPLIST_FILE = H5GalleryTests/Info.plist;
				LD_RUNPATH_SEARCH_PATHS = "$(inherited) @executable_path/Frameworks @loader_path/Frameworks";
				PRODUCT_NAME = "$(TARGET_NAME)";
				TEST_HOST = "$(BUILT_PRODUCTS_DIR)/H5Gallery.app/H5Gallery";
			};
			name = Debug;
		};
		F34221E51A346DDC00ED49B2 /* Release */ = {
			isa = XCBuildConfiguration;
			buildSettings = {
				BUNDLE_LOADER = "$(TEST_HOST)";
				FRAMEWORK_SEARCH_PATHS = (
					"$(SDKROOT)/Developer/Library/Frameworks",
					"$(inherited)",
				);
				INFOPLIST_FILE = H5GalleryTests/Info.plist;
				LD_RUNPATH_SEARCH_PATHS = "$(inherited) @executable_path/Frameworks @loader_path/Frameworks";
				PRODUCT_NAME = "$(TARGET_NAME)";
				TEST_HOST = "$(BUILT_PRODUCTS_DIR)/H5Gallery.app/H5Gallery";
			};
			name = Release;
		};
/* End XCBuildConfiguration section */

/* Begin XCConfigurationList section */
		F34221B81A346DDB00ED49B2 /* Build configuration list for PBXProject "H5Gallery" */ = {
			isa = XCConfigurationList;
			buildConfigurations = (
				F34221DE1A346DDC00ED49B2 /* Debug */,
				F34221DF1A346DDC00ED49B2 /* Release */,
			);
			defaultConfigurationIsVisible = 0;
			defaultConfigurationName = Release;
		};
		F34221E01A346DDC00ED49B2 /* Build configuration list for PBXNativeTarget "H5Gallery" */ = {
			isa = XCConfigurationList;
			buildConfigurations = (
				F34221E11A346DDC00ED49B2 /* Debug */,
				F34221E21A346DDC00ED49B2 /* Release */,
			);
			defaultConfigurationIsVisible = 0;
			defaultConfigurationName = Release;
		};
		F34221E31A346DDC00ED49B2 /* Build configuration list for PBXNativeTarget "H5GalleryTests" */ = {
			isa = XCConfigurationList;
			buildConfigurations = (
				F34221E41A346DDC00ED49B2 /* Debug */,
				F34221E51A346DDC00ED49B2 /* Release */,
			);
			defaultConfigurationIsVisible = 0;
			defaultConfigurationName = Release;
		};
/* End XCConfigurationList section */
	};
	rootObject = F34221B51A346DDB00ED49B2 /* Project object */;
}
